
Microsoft Visual Studio Solution File, Format Version 12.00
# Visual Studio 15
VisualStudioVersion = 15.0.26114.2
MinimumVisualStudioVersion = 10.0.40219.1
Project("{2150E333-8FDC-42A3-9474-1A3956D46DE8}") = "src", "src", "{D061FF3E-3B2F-4305-BA98-552D58DCADEE}"
EndProject
Project("{FAE04EC0-301F-11D3-BF4B-00C04F79EFBC}") = "System.Drawing", "src\System.Drawing\System.Drawing.csproj", "{686ACE83-7550-4708-A7ED-632AD0C25DB1}"
EndProject
Global
	GlobalSection(SolutionConfigurationPlatforms) = preSolution
		Debug|Any CPU = Debug|Any CPU
		Release|Any CPU = Release|Any CPU
	EndGlobalSection
	GlobalSection(ProjectConfigurationPlatforms) = postSolution
		{686ACE83-7550-4708-A7ED-632AD0C25DB1}.Debug|Any CPU.ActiveCfg = Debug|Any CPU
		{686ACE83-7550-4708-A7ED-632AD0C25DB1}.Debug|Any CPU.Build.0 = Debug|Any CPU
		{686ACE83-7550-4708-A7ED-632AD0C25DB1}.Release|Any CPU.ActiveCfg = Release|Any CPU
		{686ACE83-7550-4708-A7ED-632AD0C25DB1}.Release|Any CPU.Build.0 = Release|Any CPU
	EndGlobalSection
	GlobalSection(SolutionProperties) = preSolution
		HideSolutionNode = FALSE
	EndGlobalSection
	GlobalSection(NestedProjects) = preSolution
		{686ACE83-7550-4708-A7ED-632AD0C25DB1} = {D061FF3E-3B2F-4305-BA98-552D58DCADEE}
	EndGlobalSection
EndGlobal
